
Microsoft Visual Studio Solution File, Format Version 12.00
# Visual Studio Version 17
VisualStudioVersion = 17.13.35931.197
MinimumVisualStudioVersion = 10.0.40219.1
Project("{FAE04EC0-301F-11D3-BF4B-00C04F79EFBC}") = "ConsoleToAPI", "ConsoleToAPI.csproj", "{74F4B22C-CA7A-A313-EC7E-02BB1C192251}"
EndProject
Project("{FAE04EC0-301F-11D3-BF4B-00C04F79EFBC}") = "BookStore", "..\BookStore\BookStore.csproj", "{1856AAFA-72F2-4A60-9B37-E6F2C887122E}"
EndProject
Global
	GlobalSection(SolutionConfigurationPlatforms) = preSolution
		Debug|Any CPU = Debug|Any CPU
		Release|Any CPU = Release|Any CPU
	EndGlobalSection
	GlobalSection(ProjectConfigurationPlatforms) = postSolution
		{74F4B22C-CA7A-A313-EC7E-02BB1C192251}.Debug|Any CPU.ActiveCfg = Debug|Any CPU
		{74F4B22C-CA7A-A313-EC7E-02BB1C192251}.Debug|Any CPU.Build.0 = Debug|Any CPU
		{74F4B22C-CA7A-A313-EC7E-02BB1C192251}.Release|Any CPU.ActiveCfg = Release|Any CPU
		{74F4B22C-CA7A-A313-EC7E-02BB1C192251}.Release|Any CPU.Build.0 = Release|Any CPU
		{1856AAFA-72F2-4A60-9B37-E6F2C887122E}.Debug|Any CPU.ActiveCfg = Debug|Any CPU
		{1856AAFA-72F2-4A60-9B37-E6F2C887122E}.Debug|Any CPU.Build.0 = Debug|Any CPU
		{1856AAFA-72F2-4A60-9B37-E6F2C887122E}.Release|Any CPU.ActiveCfg = Release|Any CPU
		{1856AAFA-72F2-4A60-9B37-E6F2C887122E}.Release|Any CPU.Build.0 = Release|Any CPU
	EndGlobalSection
	GlobalSection(SolutionProperties) = preSolution
		HideSolutionNode = FALSE
	EndGlobalSection
	GlobalSection(ExtensibilityGlobals) = postSolution
		SolutionGuid = {B08B3DB1-3789-41E8-A739-289B4EF76016}
	EndGlobalSection
EndGlobal
